
Microsoft Visual Studio Solution File, Format Version 12.00
# Visual Studio Version 17
VisualStudioVersion = 17.9.34728.123
MinimumVisualStudioVersion = 10.0.40219.1
Project("{FAE04EC0-301F-11D3-BF4B-00C04F79EFBC}") = "StadiumApp", "StadiumApp.csproj", "{1C70A32B-D990-4ADF-8FCC-A22250E99817}"
EndProject
Project("{FAE04EC0-301F-11D3-BF4B-00C04F79EFBC}") = "BLL", "..\BLL\BLL.csproj", "{1037E148-2371-4DE3-BC5F-72FD3FCE84D8}"
EndProject
Project("{FAE04EC0-301F-11D3-BF4B-00C04F79EFBC}") = "DAL", "..\DAL\DAL.csproj", "{39A8DBBD-68BB-4C57-A85B-BEFC855FA71F}"
EndProject
Global
	GlobalSection(SolutionConfigurationPlatforms) = preSolution
		Debug|Any CPU = Debug|Any CPU
		Release|Any CPU = Release|Any CPU
	EndGlobalSection
	GlobalSection(ProjectConfigurationPlatforms) = postSolution
		{1C70A32B-D990-4ADF-8FCC-A22250E99817}.Debug|Any CPU.ActiveCfg = Debug|Any CPU
		{1C70A32B-D990-4ADF-8FCC-A22250E99817}.Debug|Any CPU.Build.0 = Debug|Any CPU
		{1C70A32B-D990-4ADF-8FCC-A22250E99817}.Release|Any CPU.ActiveCfg = Release|Any CPU
		{1C70A32B-D990-4ADF-8FCC-A22250E99817}.Release|Any CPU.Build.0 = Release|Any CPU
		{1037E148-2371-4DE3-BC5F-72FD3FCE84D8}.Debug|Any CPU.ActiveCfg = Debug|Any CPU
		{1037E148-2371-4DE3-BC5F-72FD3FCE84D8}.Debug|Any CPU.Build.0 = Debug|Any CPU
		{1037E148-2371-4DE3-BC5F-72FD3FCE84D8}.Release|Any CPU.ActiveCfg = Release|Any CPU
		{1037E148-2371-4DE3-BC5F-72FD3FCE84D8}.Release|Any CPU.Build.0 = Release|Any CPU
		{39A8DBBD-68BB-4C57-A85B-BEFC855FA71F}.Debug|Any CPU.ActiveCfg = Debug|Any CPU
		{39A8DBBD-68BB-4C57-A85B-BEFC855FA71F}.Debug|Any CPU.Build.0 = Debug|Any CPU
		{39A8DBBD-68BB-4C57-A85B-BEFC855FA71F}.Release|Any CPU.ActiveCfg = Release|Any CPU
		{39A8DBBD-68BB-4C57-A85B-BEFC855FA71F}.Release|Any CPU.Build.0 = Release|Any CPU
	EndGlobalSection
	GlobalSection(SolutionProperties) = preSolution
		HideSolutionNode = FALSE
	EndGlobalSection
	GlobalSection(ExtensibilityGlobals) = postSolution
		SolutionGuid = {AA296988-E90D-4732-8312-04340105EF47}
	EndGlobalSection
EndGlobal
